// !$*UTF8*$!
{
	archiveVersion = 1;
	classes = {
	};
	objectVersion = 48;
	objects = {

/* Begin PBXBuildFile section */
		DE1E1996200DCEF100D712B2 /* AppDelegate.swift in Sources */ = {isa = PBXBuildFile; fileRef = DE1E1995200DCEF100D712B2 /* AppDelegate.swift */; };
		DE1E1998200DCEF100D712B2 /* ViewController.swift in Sources */ = {isa = PBXBuildFile; fileRef = DE1E1997200DCEF100D712B2 /* ViewController.swift */; };
		DE1E199B200DCEF100D712B2 /* Main.storyboard in Resources */ = {isa = PBXBuildFile; fileRef = DE1E1999200DCEF100D712B2 /* Main.storyboard */; };
		DE1E199D200DCEF100D712B2 /* Assets.xcassets in Resources */ = {isa = PBXBuildFile; fileRef = DE1E199C200DCEF100D712B2 /* Assets.xcassets */; };
		DE1E19A0200DCEF100D712B2 /* LaunchScreen.storyboard in Resources */ = {isa = PBXBuildFile; fileRef = DE1E199E200DCEF100D712B2 /* LaunchScreen.storyboard */; };
		DE1E19AB200DCEF100D712B2 /* AnimationsTests.swift in Sources */ = {isa = PBXBuildFile; fileRef = DE1E19AA200DCEF100D712B2 /* AnimationsTests.swift */; };
		DE1E19B6200DCEF100D712B2 /* AnimationsUITests.swift in Sources */ = {isa = PBXBuildFile; fileRef = DE1E19B5200DCEF100D712B2 /* AnimationsUITests.swift */; };
		DE1E19C4200DD38100D712B2 /* YKPulseViewController.swift in Sources */ = {isa = PBXBuildFile; fileRef = DE1E19C3200DD38100D712B2 /* YKPulseViewController.swift */; };
		DE1E19C6200DD59800D712B2 /* customer_160@3x.png in Resources */ = {isa = PBXBuildFile; fileRef = DE1E19C5200DD59800D712B2 /* customer_160@3x.png */; };
		DE1E19C9200DD72F00D712B2 /* YQPulaseAnimation.swift in Sources */ = {isa = PBXBuildFile; fileRef = DE1E19C8200DD72F00D712B2 /* YQPulaseAnimation.swift */; };
/* End PBXBuildFile section */

/* Begin PBXContainerItemProxy section */
		DE1E19A7200DCEF100D712B2 /* PBXContainerItemProxy */ = {
			isa = PBXContainerItemProxy;
			containerPortal = DE1E198A200DCEF100D712B2 /* Project object */;
			proxyType = 1;
			remoteGlobalIDString = DE1E1991200DCEF100D712B2;
			remoteInfo = Animations;
		};
		DE1E19B2200DCEF100D712B2 /* PBXContainerItemProxy */ = {
			isa = PBXContainerItemProxy;
			containerPortal = DE1E198A200DCEF100D712B2 /* Project object */;
			proxyType = 1;
			remoteGlobalIDString = DE1E1991200DCEF100D712B2;
			remoteInfo = Animations;
		};
/* End PBXContainerItemProxy section */

/* Begin PBXFileReference section */
		DE1E1992200DCEF100D712B2 /* Animations.app */ = {isa = PBXFileReference; explicitFileType = wrapper.application; includeInIndex = 0; path = Animations.app; sourceTree = BUILT_PRODUCTS_DIR; };
		DE1E1995200DCEF100D712B2 /* AppDelegate.swift */ = {isa = PBXFileReference; lastKnownFileType = sourcecode.swift; path = AppDelegate.swift; sourceTree = "<group>"; };
		DE1E1997200DCEF100D712B2 /* ViewController.swift */ = {isa = PBXFileReference; lastKnownFileType = sourcecode.swift; path = ViewController.swift; sourceTree = "<group>"; };
		DE1E199A200DCEF100D712B2 /* Base */ = {isa = PBXFileReference; lastKnownFileType = file.storyboard; name = Base; path = Base.lproj/Main.storyboard; sourceTree = "<group>"; };
		DE1E199C200DCEF100D712B2 /* Assets.xcassets */ = {isa = PBXFileReference; lastKnownFileType = folder.assetcatalog; path = Assets.xcassets; sourceTree = "<group>"; };
		DE1E199F200DCEF100D712B2 /* Base */ = {isa = PBXFileReference; lastKnownFileType = file.storyboard; name = Base; path = Base.lproj/LaunchScreen.storyboard; sourceTree = "<group>"; };
		DE1E19A1200DCEF100D712B2 /* Info.plist */ = {isa = PBXFileReference; lastKnownFileType = text.plist.xml; path = Info.plist; sourceTree = "<group>"; };
		DE1E19A6200DCEF100D712B2 /* AnimationsTests.xctest */ = {isa = PBXFileReference; explicitFileType = wrapper.cfbundle; includeInIndex = 0; path = AnimationsTests.xctest; sourceTree = BUILT_PRODUCTS_DIR; };
		DE1E19AA200DCEF100D712B2 /* AnimationsTests.swift */ = {isa = PBXFileReference; lastKnownFileType = sourcecode.swift; path = AnimationsTests.swift; sourceTree = "<group>"; };
		DE1E19AC200DCEF100D712B2 /* Info.plist */ = {isa = PBXFileReference; lastKnownFileType = text.plist.xml; path = Info.plist; sourceTree = "<group>"; };
		DE1E19B1200DCEF100D712B2 /* AnimationsUITests.xctest */ = {isa = PBXFileReference; explicitFileType = wrapper.cfbundle; includeInIndex = 0; path = AnimationsUITests.xctest; sourceTree = BUILT_PRODUCTS_DIR; };
		DE1E19B5200DCEF100D712B2 /* AnimationsUITests.swift */ = {isa = PBXFileReference; lastKnownFileType = sourcecode.swift; path = AnimationsUITests.swift; sourceTree = "<group>"; };
		DE1E19B7200DCEF100D712B2 /* Info.plist */ = {isa = PBXFileReference; lastKnownFileType = text.plist.xml; path = Info.plist; sourceTree = "<group>"; };
		DE1E19C3200DD38100D712B2 /* YKPulseViewController.swift */ = {isa = PBXFileReference; lastKnownFileType = sourcecode.swift; path = YKPulseViewController.swift; sourceTree = "<group>"; };
		DE1E19C5200DD59800D712B2 /* customer_160@3x.png */ = {isa = PBXFileReference; lastKnownFileType = image.png; path = "customer_160@3x.png"; sourceTree = "<group>"; };
		DE1E19C8200DD72F00D712B2 /* YQPulaseAnimation.swift */ = {isa = PBXFileReference; lastKnownFileType = sourcecode.swift; path = YQPulaseAnimation.swift; sourceTree = "<group>"; };
/* End PBXFileReference section */

/* Begin PBXFrameworksBuildPhase section */
		DE1E198F200DCEF100D712B2 /* Frameworks */ = {
			isa = PBXFrameworksBuildPhase;
			buildActionMask = 2147483647;
			files = (
			);
			runOnlyForDeploymentPostprocessing = 0;
		};
		DE1E19A3200DCEF100D712B2 /* Frameworks */ = {
			isa = PBXFrameworksBuildPhase;
			buildActionMask = 2147483647;
			files = (
			);
			runOnlyForDeploymentPostprocessing = 0;
		};
		DE1E19AE200DCEF100D712B2 /* Frameworks */ = {
			isa = PBXFrameworksBuildPhase;
			buildActionMask = 2147483647;
			files = (
			);
			runOnlyForDeploymentPostprocessing = 0;
		};
/* End PBXFrameworksBuildPhase section */

/* Begin PBXGroup section */
		DE1E1989200DCEF100D712B2 = {
			isa = PBXGroup;
			children = (
				DE1E1994200DCEF100D712B2 /* Animations */,
				DE1E19A9200DCEF100D712B2 /* AnimationsTests */,
				DE1E19B4200DCEF100D712B2 /* AnimationsUITests */,
				DE1E1993200DCEF100D712B2 /* Products */,
			);
			sourceTree = "<group>";
		};
		DE1E1993200DCEF100D712B2 /* Products */ = {
			isa = PBXGroup;
			children = (
				DE1E1992200DCEF100D712B2 /* Animations.app */,
				DE1E19A6200DCEF100D712B2 /* AnimationsTests.xctest */,
				DE1E19B1200DCEF100D712B2 /* AnimationsUITests.xctest */,
			);
			name = Products;
			sourceTree = "<group>";
		};
		DE1E1994200DCEF100D712B2 /* Animations */ = {
			isa = PBXGroup;
			children = (
				DE1E19C7200DD6B300D712B2 /* Common */,
				DE1E1995200DCEF100D712B2 /* AppDelegate.swift */,
				DE1E1997200DCEF100D712B2 /* ViewController.swift */,
				DE1E19C3200DD38100D712B2 /* YKPulseViewController.swift */,
				DE1E19C5200DD59800D712B2 /* customer_160@3x.png */,
				DE1E1999200DCEF100D712B2 /* Main.storyboard */,
				DE1E199C200DCEF100D712B2 /* Assets.xcassets */,
				DE1E199E200DCEF100D712B2 /* LaunchScreen.storyboard */,
				DE1E19A1200DCEF100D712B2 /* Info.plist */,
			);
			path = Animations;
			sourceTree = "<group>";
		};
		DE1E19A9200DCEF100D712B2 /* AnimationsTests */ = {
			isa = PBXGroup;
			children = (
				DE1E19AA200DCEF100D712B2 /* AnimationsTests.swift */,
				DE1E19AC200DCEF100D712B2 /* Info.plist */,
			);
			path = AnimationsTests;
			sourceTree = "<group>";
		};
		DE1E19B4200DCEF100D712B2 /* AnimationsUITests */ = {
			isa = PBXGroup;
			children = (
				DE1E19B5200DCEF100D712B2 /* AnimationsUITests.swift */,
				DE1E19B7200DCEF100D712B2 /* Info.plist */,
			);
			path = AnimationsUITests;
			sourceTree = "<group>";
		};
		DE1E19C7200DD6B300D712B2 /* Common */ = {
			isa = PBXGroup;
			children = (
				DE1E19C8200DD72F00D712B2 /* YQPulaseAnimation.swift */,
			);
			path = Common;
			sourceTree = "<group>";
		};
/* End PBXGroup section */

/* Begin PBXNativeTarget section */
		DE1E1991200DCEF100D712B2 /* Animations */ = {
			isa = PBXNativeTarget;
			buildConfigurationList = DE1E19BA200DCEF100D712B2 /* Build configuration list for PBXNativeTarget "Animations" */;
			buildPhases = (
				DE1E198E200DCEF100D712B2 /* Sources */,
				DE1E198F200DCEF100D712B2 /* Frameworks */,
				DE1E1990200DCEF100D712B2 /* Resources */,
			);
			buildRules = (
			);
			dependencies = (
			);
			name = Animations;
			productName = Animations;
			productReference = DE1E1992200DCEF100D712B2 /* Animations.app */;
			productType = "com.apple.product-type.application";
		};
		DE1E19A5200DCEF100D712B2 /* AnimationsTests */ = {
			isa = PBXNativeTarget;
			buildConfigurationList = DE1E19BD200DCEF100D712B2 /* Build configuration list for PBXNativeTarget "AnimationsTests" */;
			buildPhases = (
				DE1E19A2200DCEF100D712B2 /* Sources */,
				DE1E19A3200DCEF100D712B2 /* Frameworks */,
				DE1E19A4200DCEF100D712B2 /* Resources */,
			);
			buildRules = (
			);
			dependencies = (
				DE1E19A8200DCEF100D712B2 /* PBXTargetDependency */,
			);
			name = AnimationsTests;
			productName = AnimationsTests;
			productReference = DE1E19A6200DCEF100D712B2 /* AnimationsTests.xctest */;
			productType = "com.apple.product-type.bundle.unit-test";
		};
		DE1E19B0200DCEF100D712B2 /* AnimationsUITests */ = {
			isa = PBXNativeTarget;
			buildConfigurationList = DE1E19C0200DCEF100D712B2 /* Build configuration list for PBXNativeTarget "AnimationsUITests" */;
			buildPhases = (
				DE1E19AD200DCEF100D712B2 /* Sources */,
				DE1E19AE200DCEF100D712B2 /* Frameworks */,
				DE1E19AF200DCEF100D712B2 /* Resources */,
			);
			buildRules = (
			);
			dependencies = (
				DE1E19B3200DCEF100D712B2 /* PBXTargetDependency */,
			);
			name = AnimationsUITests;
			productName = AnimationsUITests;
			productReference = DE1E19B1200DCEF100D712B2 /* AnimationsUITests.xctest */;
			productType = "com.apple.product-type.bundle.ui-testing";
		};
/* End PBXNativeTarget section */

/* Begin PBXProject section */
		DE1E198A200DCEF100D712B2 /* Project object */ = {
			isa = PBXProject;
			attributes = {
				LastSwiftUpdateCheck = 0910;
				LastUpgradeCheck = 0910;
				ORGANIZATIONNAME = "康林";
				TargetAttributes = {
					DE1E1991200DCEF100D712B2 = {
						CreatedOnToolsVersion = 9.1;
						ProvisioningStyle = Automatic;
					};
					DE1E19A5200DCEF100D712B2 = {
						CreatedOnToolsVersion = 9.1;
						ProvisioningStyle = Automatic;
						TestTargetID = DE1E1991200DCEF100D712B2;
					};
					DE1E19B0200DCEF100D712B2 = {
						CreatedOnToolsVersion = 9.1;
						ProvisioningStyle = Automatic;
						TestTargetID = DE1E1991200DCEF100D712B2;
					};
				};
			};
			buildConfigurationList = DE1E198D200DCEF100D712B2 /* Build configuration list for PBXProject "Animations" */;
			compatibilityVersion = "Xcode 8.0";
			developmentRegion = en;
			hasScannedForEncodings = 0;
			knownRegions = (
				en,
				Base,
			);
			mainGroup = DE1E1989200DCEF100D712B2;
			productRefGroup = DE1E1993200DCEF100D712B2 /* Products */;
			projectDirPath = "";
			projectRoot = "";
			targets = (
				DE1E1991200DCEF100D712B2 /* Animations */,
				DE1E19A5200DCEF100D712B2 /* AnimationsTests */,
				DE1E19B0200DCEF100D712B2 /* AnimationsUITests */,
			);
		};
/* End PBXProject section */

/* Begin PBXResourcesBuildPhase section */
		DE1E1990200DCEF100D712B2 /* Resources */ = {
			isa = PBXResourcesBuildPhase;
			buildActionMask = 2147483647;
			files = (
				DE1E19A0200DCEF100D712B2 /* LaunchScreen.storyboard in Resources */,
				DE1E19C6200DD59800D712B2 /* customer_160@3x.png in Resources */,
				DE1E199D200DCEF100D712B2 /* Assets.xcassets in Resources */,
				DE1E199B200DCEF100D712B2 /* Main.storyboard in Resources */,
			);
			runOnlyForDeploymentPostprocessing = 0;
		};
		DE1E19A4200DCEF100D712B2 /* Resources */ = {
			isa = PBXResourcesBuildPhase;
			buildActionMask = 2147483647;
			files = (
			);
			runOnlyForDeploymentPostprocessing = 0;
		};
		DE1E19AF200DCEF100D712B2 /* Resources */ = {
			isa = PBXResourcesBuildPhase;
			buildActionMask = 2147483647;
			files = (
			);
			runOnlyForDeploymentPostprocessing = 0;
		};
/* End PBXResourcesBuildPhase section */

/* Begin PBXSourcesBuildPhase section */
		DE1E198E200DCEF100D712B2 /* Sources */ = {
			isa = PBXSourcesBuildPhase;
			buildActionMask = 2147483647;
			files = (
				DE1E1998200DCEF100D712B2 /* ViewController.swift in Sources */,
				DE1E19C4200DD38100D712B2 /* YKPulseViewController.swift in Sources */,
				DE1E19C9200DD72F00D712B2 /* YQPulaseAnimation.swift in Sources */,
				DE1E1996200DCEF100D712B2 /* AppDelegate.swift in Sources */,
			);
			runOnlyForDeploymentPostprocessing = 0;
		};
		DE1E19A2200DCEF100D712B2 /* Sources */ = {
			isa = PBXSourcesBuildPhase;
			buildActionMask = 2147483647;
			files = (
				DE1E19AB200DCEF100D712B2 /* AnimationsTests.swift in Sources */,
			);
			runOnlyForDeploymentPostprocessing = 0;
		};
		DE1E19AD200DCEF100D712B2 /* Sources */ = {
			isa = PBXSourcesBuildPhase;
			buildActionMask = 2147483647;
			files = (
				DE1E19B6200DCEF100D712B2 /* AnimationsUITests.swift in Sources */,
			);
			runOnlyForDeploymentPostprocessing = 0;
		};
/* End PBXSourcesBuildPhase section */

/* Begin PBXTargetDependency section */
		DE1E19A8200DCEF100D712B2 /* PBXTargetDependency */ = {
			isa = PBXTargetDependency;
			target = DE1E1991200DCEF100D712B2 /* Animations */;
			targetProxy = DE1E19A7200DCEF100D712B2 /* PBXContainerItemProxy */;
		};
		DE1E19B3200DCEF100D712B2 /* PBXTargetDependency */ = {
			isa = PBXTargetDependency;
			target = DE1E1991200DCEF100D712B2 /* Animations */;
			targetProxy = DE1E19B2200DCEF100D712B2 /* PBXContainerItemProxy */;
		};
/* End PBXTargetDependency section */

/* Begin PBXVariantGroup section */
		DE1E1999200DCEF100D712B2 /* Main.storyboard */ = {
			isa = PBXVariantGroup;
			children = (
				DE1E199A200DCEF100D712B2 /* Base */,
			);
			name = Main.storyboard;
			sourceTree = "<group>";
		};
		DE1E199E200DCEF100D712B2 /* LaunchScreen.storyboard */ = {
			isa = PBXVariantGroup;
			children = (
				DE1E199F200DCEF100D712B2 /* Base */,
			);
			name = LaunchScreen.storyboard;
			sourceTree = "<group>";
		};
/* End PBXVariantGroup section */

/* Begin XCBuildConfiguration section */
		DE1E19B8200DCEF100D712B2 /* Debug */ = {
			isa = XCBuildConfiguration;
			buildSettings = {
				ALWAYS_SEARCH_USER_PATHS = NO;
				CLANG_ANALYZER_NONNULL = YES;
				CLANG_ANALYZER_NUMBER_OBJECT_CONVERSION = YES_AGGRESSIVE;
				CLANG_CXX_LANGUAGE_STANDARD = "gnu++14";
				CLANG_CXX_LIBRARY = "libc++";
				CLANG_ENABLE_MODULES = YES;
				CLANG_ENABLE_OBJC_ARC = YES;
				CLANG_WARN_BLOCK_CAPTURE_AUTORELEASING = YES;
				CLANG_WARN_BOOL_CONVERSION = YES;
				CLANG_WARN_COMMA = YES;
				CLANG_WARN_CONSTANT_CONVERSION = YES;
				CLANG_WARN_DIRECT_OBJC_ISA_USAGE = YES_ERROR;
				CLANG_WARN_DOCUMENTATION_COMMENTS = YES;
				CLANG_WARN_EMPTY_BODY = YES;
				CLANG_WARN_ENUM_CONVERSION = YES;
				CLANG_WARN_INFINITE_RECURSION = YES;
				CLANG_WARN_INT_CONVERSION = YES;
				CLANG_WARN_NON_LITERAL_NULL_CONVERSION = YES;
				CLANG_WARN_OBJC_LITERAL_CONVERSION = YES;
				CLANG_WARN_OBJC_ROOT_CLASS = YES_ERROR;
				CLANG_WARN_RANGE_LOOP_ANALYSIS = YES;
				CLANG_WARN_STRICT_PROTOTYPES = YES;
				CLANG_WARN_SUSPICIOUS_MOVE = YES;
				CLANG_WARN_UNGUARDED_AVAILABILITY = YES_AGGRESSIVE;
				CLANG_WARN_UNREACHABLE_CODE = YES;
				CLANG_WARN__DUPLICATE_METHOD_MATCH = YES;
				CODE_SIGN_IDENTITY = "iPhone Developer";
				COPY_PHASE_STRIP = NO;
				DEBUG_INFORMATION_FORMAT = dwarf;
				ENABLE_STRICT_OBJC_MSGSEND = YES;
				ENABLE_TESTABILITY = YES;
				GCC_C_LANGUAGE_STANDARD = gnu11;
				GCC_DYNAMIC_NO_PIC = NO;
				GCC_NO_COMMON_BLOCKS = YES;
				GCC_OPTIMIZATION_LEVEL = 0;
				GCC_PREPROCESSOR_DEFINITIONS = (
					"DEBUG=1",
					"$(inherited)",
				);
				GCC_WARN_64_TO_32_BIT_CONVERSION = YES;
				GCC_WARN_ABOUT_RETURN_TYPE = YES_ERROR;
				GCC_WARN_UNDECLARED_SELECTOR = YES;
				GCC_WARN_UNINITIALIZED_AUTOS = YES_AGGRESSIVE;
				GCC_WARN_UNUSED_FUNCTION = YES;
				GCC_WARN_UNUSED_VARIABLE = YES;
				IPHONEOS_DEPLOYMENT_TARGET = 11.1;
				MTL_ENABLE_DEBUG_INFO = YES;
				ONLY_ACTIVE_ARCH = YES;
				SDKROOT = iphoneos;
				SWIFT_ACTIVE_COMPILATION_CONDITIONS = DEBUG;
				SWIFT_OPTIMIZATION_LEVEL = "-Onone";
			};
			name = Debug;
		};
		DE1E19B9200DCEF100D712B2 /* Release */ = {
			isa = XCBuildConfiguration;
			buildSettings = {
				ALWAYS_SEARCH_USER_PATHS = NO;
				CLANG_ANALYZER_NONNULL = YES;
				CLANG_ANALYZER_NUMBER_OBJECT_CONVERSION = YES_AGGRESSIVE;
				CLANG_CXX_LANGUAGE_STANDARD = "gnu++14";
				CLANG_CXX_LIBRARY = "libc++";
				CLANG_ENABLE_MODULES = YES;
				CLANG_ENABLE_OBJC_ARC = YES;
				CLANG_WARN_BLOCK_CAPTURE_AUTORELEASING = YES;
				CLANG_WARN_BOOL_CONVERSION = YES;
				CLANG_WARN_COMMA = YES;
				CLANG_WARN_CONSTANT_CONVERSION = YES;
				CLANG_WARN_DIRECT_OBJC_ISA_USAGE = YES_ERROR;
				CLANG_WARN_DOCUMENTATION_COMMENTS = YES;
				CLANG_WARN_EMPTY_BODY = YES;
				CLANG_WARN_ENUM_CONVERSION = YES;
				CLANG_WARN_INFINITE_RECURSION = YES;
				CLANG_WARN_INT_CONVERSION = YES;
				CLANG_WARN_NON_LITERAL_NULL_CONVERSION = YES;
				CLANG_WARN_OBJC_LITERAL_CONVERSION = YES;
				CLANG_WARN_OBJC_ROOT_CLASS = YES_ERROR;
				CLANG_WARN_RANGE_LOOP_ANALYSIS = YES;
				CLANG_WARN_STRICT_PROTOTYPES = YES;
				CLANG_WARN_SUSPICIOUS_MOVE = YES;
				CLANG_WARN_UNGUARDED_AVAILABILITY = YES_AGGRESSIVE;
				CLANG_WARN_UNREACHABLE_CODE = YES;
				CLANG_WARN__DUPLICATE_METHOD_MATCH = YES;
				CODE_SIGN_IDENTITY = "iPhone Developer";
				COPY_PHASE_STRIP = NO;
				DEBUG_INFORMATION_FORMAT = "dwarf-with-dsym";
				ENABLE_NS_ASSERTIONS = NO;
				ENABLE_STRICT_OBJC_MSGSEND = YES;
				GCC_C_LANGUAGE_STANDARD = gnu11;
				GCC_NO_COMMON_BLOCKS = YES;
				GCC_WARN_64_TO_32_BIT_CONVERSION = YES;
				GCC_WARN_ABOUT_RETURN_TYPE = YES_ERROR;
				GCC_WARN_UNDECLARED_SELECTOR = YES;
				GCC_WARN_UNINITIALIZED_AUTOS = YES_AGGRESSIVE;
				GCC_WARN_UNUSED_FUNCTION = YES;
				GCC_WARN_UNUSED_VARIABLE = YES;
				IPHONEOS_DEPLOYMENT_TARGET = 11.1;
				MTL_ENABLE_DEBUG_INFO = NO;
				SDKROOT = iphoneos;
				SWIFT_OPTIMIZATION_LEVEL = "-Owholemodule";
				VALIDATE_PRODUCT = YES;
			};
			name = Release;
		};
		DE1E19BB200DCEF100D712B2 /* Debug */ = {
			isa = XCBuildConfiguration;
			buildSettings = {
				ASSETCATALOG_COMPILER_APPICON_NAME = AppIcon;
				CODE_SIGN_STYLE = Automatic;
				DEVELOPMENT_TEAM = Q8C2NBM6JK;
				INFOPLIST_FILE = Animations/Info.plist;
				LD_RUNPATH_SEARCH_PATHS = "$(inherited) @executable_path/Frameworks";
				PRODUCT_BUNDLE_IDENTIFIER = kanglin.Animations;
				PRODUCT_NAME = "$(TARGET_NAME)";
				SWIFT_VERSION = 4.0;
				TARGETED_DEVICE_FAMILY = "1,2";
			};
			name = Debug;
		};
		DE1E19BC200DCEF100D712B2 /* Release */ = {
			isa = XCBuildConfiguration;
			buildSettings = {
				ASSETCATALOG_COMPILER_APPICON_NAME = AppIcon;
				CODE_SIGN_STYLE = Automatic;
				DEVELOPMENT_TEAM = Q8C2NBM6JK;
				INFOPLIST_FILE = Animations/Info.plist;
				LD_RUNPATH_SEARCH_PATHS = "$(inherited) @executable_path/Frameworks";
				PRODUCT_BUNDLE_IDENTIFIER = kanglin.Animations;
				PRODUCT_NAME = "$(TARGET_NAME)";
				SWIFT_VERSION = 4.0;
				TARGETED_DEVICE_FAMILY = "1,2";
			};
			name = Release;
		};
		DE1E19BE200DCEF100D712B2 /* Debug */ = {
			isa = XCBuildConfiguration;
			buildSettings = {
				ALWAYS_EMBED_SWIFT_STANDARD_LIBRARIES = YES;
				BUNDLE_LOADER = "$(TEST_HOST)";
				CODE_SIGN_STYLE = Automatic;
				DEVELOPMENT_TEAM = ZW573C3S9X;
				INFOPLIST_FILE = AnimationsTests/Info.plist;
				LD_RUNPATH_SEARCH_PATHS = "$(inherited) @executable_path/Frameworks @loader_path/Frameworks";
				PRODUCT_BUNDLE_IDENTIFIER = kanglin.AnimationsTests;
				PRODUCT_NAME = "$(TARGET_NAME)";
				SWIFT_VERSION = 4.0;
				TARGETED_DEVICE_FAMILY = "1,2";
				TEST_HOST = "$(BUILT_PRODUCTS_DIR)/Animations.app/Animations";
			};
			name = Debug;
		};
		DE1E19BF200DCEF100D712B2 /* Release */ = {
			isa = XCBuildConfiguration;
			buildSettings = {
				ALWAYS_EMBED_SWIFT_STANDARD_LIBRARIES = YES;
				BUNDLE_LOADER = "$(TEST_HOST)";
				CODE_SIGN_STYLE = Automatic;
				DEVELOPMENT_TEAM = ZW573C3S9X;
				INFOPLIST_FILE = AnimationsTests/Info.plist;
				LD_RUNPATH_SEARCH_PATHS = "$(inherited) @executable_path/Frameworks @loader_path/Frameworks";
				PRODUCT_BUNDLE_IDENTIFIER = kanglin.AnimationsTests;
				PRODUCT_NAME = "$(TARGET_NAME)";
				SWIFT_VERSION = 4.0;
				TARGETED_DEVICE_FAMILY = "1,2";
				TEST_HOST = "$(BUILT_PRODUCTS_DIR)/Animations.app/Animations";
			};
			name = Release;
		};
		DE1E19C1200DCEF100D712B2 /* Debug */ = {
			isa = XCBuildConfiguration;
			buildSettings = {
				ALWAYS_EMBED_SWIFT_STANDARD_LIBRARIES = YES;
				CODE_SIGN_STYLE = Automatic;
				DEVELOPMENT_TEAM = ZW573C3S9X;
				INFOPLIST_FILE = AnimationsUITests/Info.plist;
				LD_RUNPATH_SEARCH_PATHS = "$(inherited) @executable_path/Frameworks @loader_path/Frameworks";
				PRODUCT_BUNDLE_IDENTIFIER = kanglin.AnimationsUITests;
				PRODUCT_NAME = "$(TARGET_NAME)";
				SWIFT_VERSION = 4.0;
				TARGETED_DEVICE_FAMILY = "1,2";
				TEST_TARGET_NAME = Animations;
			};
			name = Debug;
		};
		DE1E19C2200DCEF100D712B2 /* Release */ = {
			isa = XCBuildConfiguration;
			buildSettings = {
				ALWAYS_EMBED_SWIFT_STANDARD_LIBRARIES = YES;
				CODE_SIGN_STYLE = Automatic;
				DEVELOPMENT_TEAM = ZW573C3S9X;
				INFOPLIST_FILE = AnimationsUITests/Info.plist;
				LD_RUNPATH_SEARCH_PATHS = "$(inherited) @executable_path/Frameworks @loader_path/Frameworks";
				PRODUCT_BUNDLE_IDENTIFIER = kanglin.AnimationsUITests;
				PRODUCT_NAME = "$(TARGET_NAME)";
				SWIFT_VERSION = 4.0;
				TARGETED_DEVICE_FAMILY = "1,2";
				TEST_TARGET_NAME = Animations;
			};
			name = Release;
		};
/* End XCBuildConfiguration section */

/* Begin XCConfigurationList section */
		DE1E198D200DCEF100D712B2 /* Build configuration list for PBXProject "Animations" */ = {
			isa = XCConfigurationList;
			buildConfigurations = (
				DE1E19B8200DCEF100D712B2 /* Debug */,
				DE1E19B9200DCEF100D712B2 /* Release */,
			);
			defaultConfigurationIsVisible = 0;
			defaultConfigurationName = Release;
		};
		DE1E19BA200DCEF100D712B2 /* Build configuration list for PBXNativeTarget "Animations" */ = {
			isa = XCConfigurationList;
			buildConfigurations = (
				DE1E19BB200DCEF100D712B2 /* Debug */,
				DE1E19BC200DCEF100D712B2 /* Release */,
			);
			defaultConfigurationIsVisible = 0;
			defaultConfigurationName = Release;
		};
		DE1E19BD200DCEF100D712B2 /* Build configuration list for PBXNativeTarget "AnimationsTests" */ = {
			isa = XCConfigurationList;
			buildConfigurations = (
				DE1E19BE200DCEF100D712B2 /* Debug */,
				DE1E19BF200DCEF100D712B2 /* Release */,
			);
			defaultConfigurationIsVisible = 0;
			defaultConfigurationName = Release;
		};
		DE1E19C0200DCEF100D712B2 /* Build configuration list for PBXNativeTarget "AnimationsUITests" */ = {
			isa = XCConfigurationList;
			buildConfigurations = (
				DE1E19C1200DCEF100D712B2 /* Debug */,
				DE1E19C2200DCEF100D712B2 /* Release */,
			);
			defaultConfigurationIsVisible = 0;
			defaultConfigurationName = Release;
		};
/* End XCConfigurationList section */
	};
	rootObject = DE1E198A200DCEF100D712B2 /* Project object */;
}
